// !$*UTF8*$!
{
	archiveVersion = 1;
	classes = {
	};
	objectVersion = 52;
	objects = {

/* Begin PBXBuildFile section */
		4D825ECF23ABA16400027258 /* RetroTransition in Frameworks */ = {isa = PBXBuildFile; productRef = 4D825ECE23ABA16400027258 /* RetroTransition */; };
		F664C9182241487500BAB2F7 /* AppDelegate.swift in Sources */ = {isa = PBXBuildFile; fileRef = F664C9172241487500BAB2F7 /* AppDelegate.swift */; };
		F664C91A2241487500BAB2F7 /* PhotosGridViewController.swift in Sources */ = {isa = PBXBuildFile; fileRef = F664C9192241487500BAB2F7 /* PhotosGridViewController.swift */; };
		F664C91F2241487500BAB2F7 /* Assets.xcassets in Resources */ = {isa = PBXBuildFile; fileRef = F664C91E2241487500BAB2F7 /* Assets.xcassets */; };
		F664C9222241487500BAB2F7 /* LaunchScreen.storyboard in Resources */ = {isa = PBXBuildFile; fileRef = F664C9202241487500BAB2F7 /* LaunchScreen.storyboard */; };
		F664C945224149E000BAB2F7 /* photo4.jpg in Resources */ = {isa = PBXBuildFile; fileRef = F664C934224149E000BAB2F7 /* photo4.jpg */; };
		F664C949224149E000BAB2F7 /* photo2.jpg in Resources */ = {isa = PBXBuildFile; fileRef = F664C938224149E000BAB2F7 /* photo2.jpg */; };
		F664C94A224149E000BAB2F7 /* photo3.jpg in Resources */ = {isa = PBXBuildFile; fileRef = F664C939224149E000BAB2F7 /* photo3.jpg */; };
		F664C94B224149E000BAB2F7 /* photo1.jpg in Resources */ = {isa = PBXBuildFile; fileRef = F664C93A224149E000BAB2F7 /* photo1.jpg */; };
		F664C94D22414B0100BAB2F7 /* PhotoCell.swift in Sources */ = {isa = PBXBuildFile; fileRef = F664C94C22414B0100BAB2F7 /* PhotoCell.swift */; };
		F664C97522414F6F00BAB2F7 /* PhotoViewController.swift in Sources */ = {isa = PBXBuildFile; fileRef = F664C97422414F6F00BAB2F7 /* PhotoViewController.swift */; };
		F664C97E2243E5D400BAB2F7 /* UIImage+Extensions.swift in Sources */ = {isa = PBXBuildFile; fileRef = F664C97D2243E5D400BAB2F7 /* UIImage+Extensions.swift */; };
/* End PBXBuildFile section */

/* Begin PBXCopyFilesBuildPhase section */
		F664C9A122457C4400BAB2F7 /* Embed Frameworks */ = {
			isa = PBXCopyFilesBuildPhase;
			buildActionMask = 2147483647;
			dstPath = "";
			dstSubfolderSpec = 10;
			files = (
			);
			name = "Embed Frameworks";
			runOnlyForDeploymentPostprocessing = 0;
		};
/* End PBXCopyFilesBuildPhase section */

/* Begin PBXFileReference section */
		F664C9142241487500BAB2F7 /* RetroTransitionExample.app */ = {isa = PBXFileReference; explicitFileType = wrapper.application; includeInIndex = 0; path = RetroTransitionExample.app; sourceTree = BUILT_PRODUCTS_DIR; };
		F664C9172241487500BAB2F7 /* AppDelegate.swift */ = {isa = PBXFileReference; lastKnownFileType = sourcecode.swift; path = AppDelegate.swift; sourceTree = "<group>"; };
		F664C9192241487500BAB2F7 /* PhotosGridViewController.swift */ = {isa = PBXFileReference; lastKnownFileType = sourcecode.swift; path = PhotosGridViewController.swift; sourceTree = "<group>"; };
		F664C91E2241487500BAB2F7 /* Assets.xcassets */ = {isa = PBXFileReference; lastKnownFileType = folder.assetcatalog; path = Assets.xcassets; sourceTree = "<group>"; };
		F664C9212241487500BAB2F7 /* Base */ = {isa = PBXFileReference; lastKnownFileType = file.storyboard; name = Base; path = Base.lproj/LaunchScreen.storyboard; sourceTree = "<group>"; };
		F664C9232241487500BAB2F7 /* Info.plist */ = {isa = PBXFileReference; lastKnownFileType = text.plist.xml; path = Info.plist; sourceTree = "<group>"; };
		F664C934224149E000BAB2F7 /* photo4.jpg */ = {isa = PBXFileReference; lastKnownFileType = image.jpeg; path = photo4.jpg; sourceTree = "<group>"; };
		F664C938224149E000BAB2F7 /* photo2.jpg */ = {isa = PBXFileReference; lastKnownFileType = image.jpeg; path = photo2.jpg; sourceTree = "<group>"; };
		F664C939224149E000BAB2F7 /* photo3.jpg */ = {isa = PBXFileReference; lastKnownFileType = image.jpeg; path = photo3.jpg; sourceTree = "<group>"; };
		F664C93A224149E000BAB2F7 /* photo1.jpg */ = {isa = PBXFileReference; lastKnownFileType = image.jpeg; path = photo1.jpg; sourceTree = "<group>"; };
		F664C94C22414B0100BAB2F7 /* PhotoCell.swift */ = {isa = PBXFileReference; lastKnownFileType = sourcecode.swift; path = PhotoCell.swift; sourceTree = "<group>"; };
		F664C97422414F6F00BAB2F7 /* PhotoViewController.swift */ = {isa = PBXFileReference; lastKnownFileType = sourcecode.swift; path = PhotoViewController.swift; sourceTree = "<group>"; };
		F664C97D2243E5D400BAB2F7 /* UIImage+Extensions.swift */ = {isa = PBXFileReference; lastKnownFileType = sourcecode.swift; path = "UIImage+Extensions.swift"; sourceTree = "<group>"; };
/* End PBXFileReference section */

/* Begin PBXFrameworksBuildPhase section */
		F664C9112241487500BAB2F7 /* Frameworks */ = {
			isa = PBXFrameworksBuildPhase;
			buildActionMask = 2147483647;
			files = (
				4D825ECF23ABA16400027258 /* RetroTransition in Frameworks */,
			);
			runOnlyForDeploymentPostprocessing = 0;
		};
/* End PBXFrameworksBuildPhase section */

/* Begin PBXGroup section */
		F664C90B2241487500BAB2F7 = {
			isa = PBXGroup;
			children = (
				F664C9162241487500BAB2F7 /* RetroTransition */,
				F664C9152241487500BAB2F7 /* Products */,
			);
			sourceTree = "<group>";
		};
		F664C9152241487500BAB2F7 /* Products */ = {
			isa = PBXGroup;
			children = (
				F664C9142241487500BAB2F7 /* RetroTransitionExample.app */,
			);
			name = Products;
			sourceTree = "<group>";
		};
		F664C9162241487500BAB2F7 /* RetroTransition */ = {
			isa = PBXGroup;
			children = (
				F664C929224149E000BAB2F7 /* photos */,
				F664C9172241487500BAB2F7 /* AppDelegate.swift */,
				F664C9192241487500BAB2F7 /* PhotosGridViewController.swift */,
				F664C97422414F6F00BAB2F7 /* PhotoViewController.swift */,
				F664C94C22414B0100BAB2F7 /* PhotoCell.swift */,
				F664C97D2243E5D400BAB2F7 /* UIImage+Extensions.swift */,
				F664C91E2241487500BAB2F7 /* Assets.xcassets */,
				F664C9202241487500BAB2F7 /* LaunchScreen.storyboard */,
				F664C9232241487500BAB2F7 /* Info.plist */,
			);
			path = RetroTransition;
			sourceTree = "<group>";
		};
		F664C929224149E000BAB2F7 /* photos */ = {
			isa = PBXGroup;
			children = (
				F664C93A224149E000BAB2F7 /* photo1.jpg */,
				F664C938224149E000BAB2F7 /* photo2.jpg */,
				F664C939224149E000BAB2F7 /* photo3.jpg */,
				F664C934224149E000BAB2F7 /* photo4.jpg */,
			);
			path = photos;
			sourceTree = "<group>";
		};
/* End PBXGroup section */

/* Begin PBXNativeTarget section */
		F664C9132241487500BAB2F7 /* RetroTransitionExample */ = {
			isa = PBXNativeTarget;
			buildConfigurationList = F664C9262241487500BAB2F7 /* Build configuration list for PBXNativeTarget "RetroTransitionExample" */;
			buildPhases = (
				F664C9102241487500BAB2F7 /* Sources */,
				F664C9112241487500BAB2F7 /* Frameworks */,
				F664C9122241487500BAB2F7 /* Resources */,
				F664C9A122457C4400BAB2F7 /* Embed Frameworks */,
			);
			buildRules = (
			);
			dependencies = (
			);
			name = RetroTransitionExample;
			packageProductDependencies = (
				4D825ECE23ABA16400027258 /* RetroTransition */,
			);
			productName = RetroTransition;
			productReference = F664C9142241487500BAB2F7 /* RetroTransitionExample.app */;
			productType = "com.apple.product-type.application";
		};
/* End PBXNativeTarget section */

/* Begin PBXProject section */
		F664C90C2241487500BAB2F7 /* Project object */ = {
			isa = PBXProject;
			attributes = {
				LastSwiftUpdateCheck = 1010;
				LastUpgradeCheck = 1010;
				ORGANIZATIONNAME = "Campbell Gray";
				TargetAttributes = {
					F664C9132241487500BAB2F7 = {
						CreatedOnToolsVersion = 10.1;
						LastSwiftMigration = 1020;
					};
				};
			};
			buildConfigurationList = F664C90F2241487500BAB2F7 /* Build configuration list for PBXProject "RetroTransition" */;
			compatibilityVersion = "Xcode 9.3";
			developmentRegion = en;
			hasScannedForEncodings = 0;
			knownRegions = (
				en,
				Base,
			);
			mainGroup = F664C90B2241487500BAB2F7;
			packageReferences = (
				4D825ECD23ABA16400027258 /* XCRemoteSwiftPackageReference "RetroTransition" */,
			);
			productRefGroup = F664C9152241487500BAB2F7 /* Products */;
			projectDirPath = "";
			projectRoot = "";
			targets = (
				F664C9132241487500BAB2F7 /* RetroTransitionExample */,
			);
		};
/* End PBXProject section */

/* Begin PBXResourcesBuildPhase section */
		F664C9122241487500BAB2F7 /* Resources */ = {
			isa = PBXResourcesBuildPhase;
			buildActionMask = 2147483647;
			files = (
				F664C945224149E000BAB2F7 /* photo4.jpg in Resources */,
				F664C9222241487500BAB2F7 /* LaunchScreen.storyboard in Resources */,
				F664C94A224149E000BAB2F7 /* photo3.jpg in Resources */,
				F664C94B224149E000BAB2F7 /* photo1.jpg in Resources */,
				F664C949224149E000BAB2F7 /* photo2.jpg in Resources */,
				F664C91F2241487500BAB2F7 /* Assets.xcassets in Resources */,
			);
			runOnlyForDeploymentPostprocessing = 0;
		};
/* End PBXResourcesBuildPhase section */

/* Begin PBXSourcesBuildPhase section */
		F664C9102241487500BAB2F7 /* Sources */ = {
			isa = PBXSourcesBuildPhase;
			buildActionMask = 2147483647;
			files = (
				F664C91A2241487500BAB2F7 /* PhotosGridViewController.swift in Sources */,
				F664C97522414F6F00BAB2F7 /* PhotoViewController.swift in Sources */,
				F664C94D22414B0100BAB2F7 /* PhotoCell.swift in Sources */,
				F664C97E2243E5D400BAB2F7 /* UIImage+Extensions.swift in Sources */,
				F664C9182241487500BAB2F7 /* AppDelegate.swift in Sources */,
			);
			runOnlyForDeploymentPostprocessing = 0;
		};
/* End PBXSourcesBuildPhase section */

/* Begin PBXVariantGroup section */
		F664C9202241487500BAB2F7 /* LaunchScreen.storyboard */ = {
			isa = PBXVariantGroup;
			children = (
				F664C9212241487500BAB2F7 /* Base */,
			);
			name = LaunchScreen.storyboard;
			sourceTree = "<group>";
		};
/* End PBXVariantGroup section */

/* Begin XCBuildConfiguration section */
		F664C9242241487500BAB2F7 /* Debug */ = {
			isa = XCBuildConfiguration;
			buildSettings = {
				ALWAYS_SEARCH_USER_PATHS = NO;
				CLANG_ANALYZER_NONNULL = YES;
				CLANG_ANALYZER_NUMBER_OBJECT_CONVERSION = YES_AGGRESSIVE;
				CLANG_CXX_LANGUAGE_STANDARD = "gnu++14";
				CLANG_CXX_LIBRARY = "libc++";
				CLANG_ENABLE_MODULES = YES;
				CLANG_ENABLE_OBJC_ARC = YES;
				CLANG_ENABLE_OBJC_WEAK = YES;
				CLANG_WARN_BLOCK_CAPTURE_AUTORELEASING = YES;
				CLANG_WARN_BOOL_CONVERSION = YES;
				CLANG_WARN_COMMA = YES;
				CLANG_WARN_CONSTANT_CONVERSION = YES;
				CLANG_WARN_DEPRECATED_OBJC_IMPLEMENTATIONS = YES;
				CLANG_WARN_DIRECT_OBJC_ISA_USAGE = YES_ERROR;
				CLANG_WARN_DOCUMENTATION_COMMENTS = YES;
				CLANG_WARN_EMPTY_BODY = YES;
				CLANG_WARN_ENUM_CONVERSION = YES;
				CLANG_WARN_INFINITE_RECURSION = YES;
				CLANG_WARN_INT_CONVERSION = YES;
				CLANG_WARN_NON_LITERAL_NULL_CONVERSION = YES;
				CLANG_WARN_OBJC_IMPLICIT_RETAIN_SELF = YES;
				CLANG_WARN_OBJC_LITERAL_CONVERSION = YES;
				CLANG_WARN_OBJC_ROOT_CLASS = YES_ERROR;
				CLANG_WARN_RANGE_LOOP_ANALYSIS = YES;
				CLANG_WARN_STRICT_PROTOTYPES = YES;
				CLANG_WARN_SUSPICIOUS_MOVE = YES;
				CLANG_WARN_UNGUARDED_AVAILABILITY = YES_AGGRESSIVE;
				CLANG_WARN_UNREACHABLE_CODE = YES;
				CLANG_WARN__DUPLICATE_METHOD_MATCH = YES;
				CODE_SIGN_IDENTITY = "iPhone Developer";
				COPY_PHASE_STRIP = NO;
				DEBUG_INFORMATION_FORMAT = dwarf;
				ENABLE_STRICT_OBJC_MSGSEND = YES;
				ENABLE_TESTABILITY = YES;
				GCC_C_LANGUAGE_STANDARD = gnu11;
				GCC_DYNAMIC_NO_PIC = NO;
				GCC_NO_COMMON_BLOCKS = YES;
				GCC_OPTIMIZATION_LEVEL = 0;
				GCC_PREPROCESSOR_DEFINITIONS = (
					"DEBUG=1",
					"$(inherited)",
				);
				GCC_WARN_64_TO_32_BIT_CONVERSION = YES;
				GCC_WARN_ABOUT_RETURN_TYPE = YES_ERROR;
				GCC_WARN_UNDECLARED_SELECTOR = YES;
				GCC_WARN_UNINITIALIZED_AUTOS = YES_AGGRESSIVE;
				GCC_WARN_UNUSED_FUNCTION = YES;
				GCC_WARN_UNUSED_VARIABLE = YES;
				IPHONEOS_DEPLOYMENT_TARGET = 12.1;
				MTL_ENABLE_DEBUG_INFO = INCLUDE_SOURCE;
				MTL_FAST_MATH = YES;
				ONLY_ACTIVE_ARCH = YES;
				SDKROOT = iphoneos;
				SWIFT_ACTIVE_COMPILATION_CONDITIONS = DEBUG;
				SWIFT_OPTIMIZATION_LEVEL = "-Onone";
			};
			name = Debug;
		};
		F664C9252241487500BAB2F7 /* Release */ = {
			isa = XCBuildConfiguration;
			buildSettings = {
				ALWAYS_SEARCH_USER_PATHS = NO;
				CLANG_ANALYZER_NONNULL = YES;
				CLANG_ANALYZER_NUMBER_OBJECT_CONVERSION = YES_AGGRESSIVE;
				CLANG_CXX_LANGUAGE_STANDARD = "gnu++14";
				CLANG_CXX_LIBRARY = "libc++";
				CLANG_ENABLE_MODULES = YES;
				CLANG_ENABLE_OBJC_ARC = YES;
				CLANG_ENABLE_OBJC_WEAK = YES;
				CLANG_WARN_BLOCK_CAPTURE_AUTORELEASING = YES;
				CLANG_WARN_BOOL_CONVERSION = YES;
				CLANG_WARN_COMMA = YES;
				CLANG_WARN_CONSTANT_CONVERSION = YES;
				CLANG_WARN_DEPRECATED_OBJC_IMPLEMENTATIONS = YES;
				CLANG_WARN_DIRECT_OBJC_ISA_USAGE = YES_ERROR;
				CLANG_WARN_DOCUMENTATION_COMMENTS = YES;
				CLANG_WARN_EMPTY_BODY = YES;
				CLANG_WARN_ENUM_CONVERSION = YES;
				CLANG_WARN_INFINITE_RECURSION = YES;
				CLANG_WARN_INT_CONVERSION = YES;
				CLANG_WARN_NON_LITERAL_NULL_CONVERSION = YES;
				CLANG_WARN_OBJC_IMPLICIT_RETAIN_SELF = YES;
				CLANG_WARN_OBJC_LITERAL_CONVERSION = YES;
				CLANG_WARN_OBJC_ROOT_CLASS = YES_ERROR;
				CLANG_WARN_RANGE_LOOP_ANALYSIS = YES;
				CLANG_WARN_STRICT_PROTOTYPES = YES;
				CLANG_WARN_SUSPICIOUS_MOVE = YES;
				CLANG_WARN_UNGUARDED_AVAILABILITY = YES_AGGRESSIVE;
				CLANG_WARN_UNREACHABLE_CODE = YES;
				CLANG_WARN__DUPLICATE_METHOD_MATCH = YES;
				CODE_SIGN_IDENTITY = "iPhone Developer";
				COPY_PHASE_STRIP = NO;
				DEBUG_INFORMATION_FORMAT = "dwarf-with-dsym";
				ENABLE_NS_ASSERTIONS = NO;
				ENABLE_STRICT_OBJC_MSGSEND = YES;
				GCC_C_LANGUAGE_STANDARD = gnu11;
				GCC_NO_COMMON_BLOCKS = YES;
				GCC_WARN_64_TO_32_BIT_CONVERSION = YES;
				GCC_WARN_ABOUT_RETURN_TYPE = YES_ERROR;
				GCC_WARN_UNDECLARED_SELECTOR = YES;
				GCC_WARN_UNINITIALIZED_AUTOS = YES_AGGRESSIVE;
				GCC_WARN_UNUSED_FUNCTION = YES;
				GCC_WARN_UNUSED_VARIABLE = YES;
				IPHONEOS_DEPLOYMENT_TARGET = 12.1;
				MTL_ENABLE_DEBUG_INFO = NO;
				MTL_FAST_MATH = YES;
				SDKROOT = iphoneos;
				SWIFT_COMPILATION_MODE = wholemodule;
				SWIFT_OPTIMIZATION_LEVEL = "-O";
				VALIDATE_PRODUCT = YES;
			};
			name = Release;
		};
		F664C9272241487500BAB2F7 /* Debug */ = {
			isa = XCBuildConfiguration;
			buildSettings = {
				ASSETCATALOG_COMPILER_APPICON_NAME = AppIcon;
				CODE_SIGN_STYLE = Automatic;
				CURRENT_PROJECT_VERSION = 1;
				DEVELOPMENT_TEAM = PZRFS893FD;
				INFOPLIST_FILE = RetroTransition/Info.plist;
				IPHONEOS_DEPLOYMENT_TARGET = 11.0;
				LD_RUNPATH_SEARCH_PATHS = (
					"$(inherited)",
					"@executable_path/Frameworks",
				);
				PRODUCT_BUNDLE_IDENTIFIER = com.tinsoldiersoftware.RetroTransitionExample;
				PRODUCT_NAME = "$(TARGET_NAME)";
				SWIFT_VERSION = 5.0;
				TARGETED_DEVICE_FAMILY = 1;
			};
			name = Debug;
		};
		F664C9282241487500BAB2F7 /* Release */ = {
			isa = XCBuildConfiguration;
			buildSettings = {
				ASSETCATALOG_COMPILER_APPICON_NAME = AppIcon;
				CODE_SIGN_STYLE = Automatic;
				CURRENT_PROJECT_VERSION = 1;
				DEVELOPMENT_TEAM = PZRFS893FD;
				INFOPLIST_FILE = RetroTransition/Info.plist;
				IPHONEOS_DEPLOYMENT_TARGET = 11.0;
				LD_RUNPATH_SEARCH_PATHS = (
					"$(inherited)",
					"@executable_path/Frameworks",
				);
				PRODUCT_BUNDLE_IDENTIFIER = com.tinsoldiersoftware.RetroTransitionExample;
				PRODUCT_NAME = "$(TARGET_NAME)";
				SWIFT_VERSION = 5.0;
				TARGETED_DEVICE_FAMILY = 1;
			};
			name = Release;
		};
/* End XCBuildConfiguration section */

/* Begin XCConfigurationList section */
		F664C90F2241487500BAB2F7 /* Build configuration list for PBXProject "RetroTransition" */ = {
			isa = XCConfigurationList;
			buildConfigurations = (
				F664C9242241487500BAB2F7 /* Debug */,
				F664C9252241487500BAB2F7 /* Release */,
			);
			defaultConfigurationIsVisible = 0;
			defaultConfigurationName = Release;
		};
		F664C9262241487500BAB2F7 /* Build configuration list for PBXNativeTarget "RetroTransitionExample" */ = {
			isa = XCConfigurationList;
			buildConfigurations = (
				F664C9272241487500BAB2F7 /* Debug */,
				F664C9282241487500BAB2F7 /* Release */,
			);
			defaultConfigurationIsVisible = 0;
			defaultConfigurationName = Release;
		};
/* End XCConfigurationList section */

/* Begin XCRemoteSwiftPackageReference section */
		4D825ECD23ABA16400027258 /* XCRemoteSwiftPackageReference "RetroTransition" */ = {
			isa = XCRemoteSwiftPackageReference;
			repositoryURL = "https://github.com/terhechte/RetroTransition";
			requirement = {
				branch = master;
				kind = branch;
			};
		};
/* End XCRemoteSwiftPackageReference section */

/* Begin XCSwiftPackageProductDependency section */
		4D825ECE23ABA16400027258 /* RetroTransition */ = {
			isa = XCSwiftPackageProductDependency;
			package = 4D825ECD23ABA16400027258 /* XCRemoteSwiftPackageReference "RetroTransition" */;
			productName = RetroTransition;
		};
/* End XCSwiftPackageProductDependency section */
	};
	rootObject = F664C90C2241487500BAB2F7 /* Project object */;
}
